lockfileVersion: '9.0'

settings:
  autoInstallPeers: true
  excludeLinksFromLockfile: false

importers:

  .:
    dependencies:
      '@jsdevtools/chai-exec':
        specifier: ^2.1.1
        version: 2.1.1
      chai:
        specifier: ^5.1.2
        version: 5.1.2
      deep-object-diff:
        specifier: ^1.1.9
        version: 1.1.9
      js-yaml:
        specifier: ^4.1.0
        version: 4.1.0

packages:

  '@jsdevtools/chai-exec@2.1.1':
    resolution: {integrity: sha512-EhLHKeucYbbbWHDhExi0fqDSI9noxYUdzy1LLaAdkHLaIJjd8gv5bCOqEsuVh6EJF3ZspUSpLJjytxnOPahRig==}
    engines: {node: '>=10'}

  '@jsdevtools/ez-spawn@3.0.4':
    resolution: {integrity: sha512-f5DRIOZf7wxogefH03RjMPMdBF7ADTWUMoOs9kaJo06EfwF+aFhMZMDZxHg/Xe12hptN9xoZjGso2fdjapBRIA==}
    engines: {node: '>=10'}

  argparse@2.0.1:
    resolution: {integrity: sha512-8+9WqebbFzpX9OR+Wa6O29asIogeRMzcGtAINdpMHHyAg10f05aSFVBbcEqGf/PXw1EjAZ+q2/bEBg3DvurK3Q==}

  assertion-error@2.0.1:
    resolution: {integrity: sha512-Izi8RQcffqCeNVgFigKli1ssklIbpHnCYc6AknXGYoB6grJqyeby7jv12JUQgmTAnIDnbck1uxksT4dzN3PWBA==}
    engines: {node: '>=12'}

  call-me-maybe@1.0.2:
    resolution: {integrity: sha512-HpX65o1Hnr9HH25ojC1YGs7HCQLq0GCOibSaWER0eNpgJ/Z1MZv2mTc7+xh6WOPxbRVcmgbv4hGU+uSQ/2xFZQ==}

  chai@5.1.2:
    resolution: {integrity: sha512-aGtmf24DW6MLHHG5gCx4zaI3uBq3KRtxeVs0DjFH6Z0rDNbsvTxFASFvdj79pxjxZ8/5u3PIiN3IwEIQkiiuPw==}
    engines: {node: '>=12'}

  check-error@2.1.1:
    resolution: {integrity: sha512-OAlb+T7V4Op9OwdkjmguYRqncdlx5JiofwOAUkmTF+jNdHwzTaTs4sRAGpzLF3oOz5xAyDGrPgeIDFQmDOTiJw==}
    engines: {node: '>= 16'}

  cross-spawn@7.0.6:
    resolution: {integrity: sha512-uV2QOWP2nWzsy2aMp8aRibhi9dlzF5Hgh5SHaB9OiTGEyDTiJJyx0uy51QXdyWbtAHNua4XJzUKca3OzKUd3vA==}
    engines: {node: '>= 8'}

  deep-eql@5.0.2:
    resolution: {integrity: sha512-h5k/5U50IJJFpzfL6nO9jaaumfjO/f2NjK/oYB2Djzm4p9L+3T9qWpZqZ2hAbLPuuYq9wrU08WQyBTL5GbPk5Q==}
    engines: {node: '>=6'}

  deep-object-diff@1.1.9:
    resolution: {integrity: sha512-Rn+RuwkmkDwCi2/oXOFS9Gsr5lJZu/yTGpK7wAaAIE75CC+LCGEZHpY6VQJa/RoJcrmaA/docWJZvYohlNkWPA==}

  isexe@2.0.0:
    resolution: {integrity: sha512-RHxMLp9lnKHGHRng9QFhRCMbYAcVpn69smSGcq3f36xjgVVWThj4qqLbTLlq7Ssj8B+fIQ1EuCEGI2lKsyQeIw==}

  js-yaml@4.1.0:
    resolution: {integrity: sha512-wpxZs9NoxZaJESJGIZTyDEaYpl0FKSA+FB9aJiyemKhMwkxQg63h4T1KJgUGHpTqPDNRcmmYLugrRjJlBtWvRA==}
    hasBin: true

  loupe@3.1.3:
    resolution: {integrity: sha512-kkIp7XSkP78ZxJEsSxW3712C6teJVoeHHwgo9zJ380de7IYyJ2ISlxojcH2pC5OFLewESmnRi/+XCDIEEVyoug==}

  path-key@3.1.1:
    resolution: {integrity: sha512-ojmeN0qd+y0jszEtoY48r0Peq5dwMEkIlCOu6Q5f41lfkswXuKtYrhgoTpLnyIcHm24Uhqx+5Tqm2InSwLhE6Q==}
    engines: {node: '>=8'}

  pathval@2.0.0:
    resolution: {integrity: sha512-vE7JKRyES09KiunauX7nd2Q9/L7lhok4smP9RZTDeD4MVs72Dp2qNFVz39Nz5a0FVEW0BJR6C0DYrq6unoziZA==}
    engines: {node: '>= 14.16'}

  shebang-command@2.0.0:
    resolution: {integrity: sha512-kHxr2zZpYtdmrN1qDjrrX/Z1rR1kG8Dx+gkpK1G4eXmvXswmcE1hTWBWYUzlraYw1/yZp6YuDY77YtvbN0dmDA==}
    engines: {node: '>=8'}

  shebang-regex@3.0.0:
    resolution: {integrity: sha512-7++dFhtcx3353uBaq8DDR4NuxBetBzC7ZQOhmTQInHEd6bSrXdiEyzCvG07Z44UYdLShWUyXt5M/yhz8ekcb1A==}
    engines: {node: '>=8'}

  string-argv@0.3.2:
    resolution: {integrity: sha512-aqD2Q0144Z+/RqG52NeHEkZauTAUWJO8c6yTftGJKO3Tja5tUgIfmIl6kExvhtxSDP7fXB6DvzkfMpCd/F3G+Q==}
    engines: {node: '>=0.6.19'}

  type-detect@4.1.0:
    resolution: {integrity: sha512-Acylog8/luQ8L7il+geoSxhEkazvkslg7PSNKOX59mbB9cOveP5aq9h74Y7YU8yDpJwetzQQrfIwtf4Wp4LKcw==}
    engines: {node: '>=4'}

  which@2.0.2:
    resolution: {integrity: sha512-BLI3Tl1TW3Pvl70l3yq3Y64i+awpwXqsGBYWkkqMtnbXgrMD+yj7rhW0kuEDxzJaYXGjEW5ogapKNMEKNMjibA==}
    engines: {node: '>= 8'}
    hasBin: true

snapshots:

  '@jsdevtools/chai-exec@2.1.1':
    dependencies:
      '@jsdevtools/ez-spawn': 3.0.4

  '@jsdevtools/ez-spawn@3.0.4':
    dependencies:
      call-me-maybe: 1.0.2
      cross-spawn: 7.0.6
      string-argv: 0.3.2
      type-detect: 4.1.0

  argparse@2.0.1: {}

  assertion-error@2.0.1: {}

  call-me-maybe@1.0.2: {}

  chai@5.1.2:
    dependencies:
      assertion-error: 2.0.1
      check-error: 2.1.1
      deep-eql: 5.0.2
      loupe: 3.1.3
      pathval: 2.0.0

  check-error@2.1.1: {}

  cross-spawn@7.0.6:
    dependencies:
      path-key: 3.1.1
      shebang-command: 2.0.0
      which: 2.0.2

  deep-eql@5.0.2: {}

  deep-object-diff@1.1.9: {}

  isexe@2.0.0: {}

  js-yaml@4.1.0:
    dependencies:
      argparse: 2.0.1

  loupe@3.1.3: {}

  path-key@3.1.1: {}

  pathval@2.0.0: {}

  shebang-command@2.0.0:
    dependencies:
      shebang-regex: 3.0.0

  shebang-regex@3.0.0: {}

  string-argv@0.3.2: {}

  type-detect@4.1.0: {}

  which@2.0.2:
    dependencies:
      isexe: 2.0.0
